
Microsoft Visual Studio Solution File, Format Version 12.00
# Visual Studio Version 17
VisualStudioVersion = 17.0.32112.339
MinimumVisualStudioVersion = 10.0.40219.1
Project("{FAE04EC0-301F-11D3-BF4B-00C04F79EFBC}") = "13072022HomeTask", "13072022HomeTask\13072022HomeTask.csproj", "{A953B835-D563-4B97-913C-0ADE6C215B9D}"
EndProject
Global
	GlobalSection(SolutionConfigurationPlatforms) = preSolution
		Debug|Any CPU = Debug|Any CPU
		Release|Any CPU = Release|Any CPU
	EndGlobalSection
	GlobalSection(ProjectConfigurationPlatforms) = postSolution
		{A953B835-D563-4B97-913C-0ADE6C215B9D}.Debug|Any CPU.ActiveCfg = Debug|Any CPU
		{A953B835-D563-4B97-913C-0ADE6C215B9D}.Debug|Any CPU.Build.0 = Debug|Any CPU
		{A953B835-D563-4B97-913C-0ADE6C215B9D}.Release|Any CPU.ActiveCfg = Release|Any CPU
		{A953B835-D563-4B97-913C-0ADE6C215B9D}.Release|Any CPU.Build.0 = Release|Any CPU
	EndGlobalSection
	GlobalSection(SolutionProperties) = preSolution
		HideSolutionNode = FALSE
	EndGlobalSection
	GlobalSection(ExtensibilityGlobals) = postSolution
		SolutionGuid = {70FC565A-7C08-4389-ACA3-D193B50FAF07}
	EndGlobalSection
EndGlobal
